
Microsoft Visual Studio Solution File, Format Version 12.00
# Visual Studio Version 17
VisualStudioVersion = 17.0.32112.339
MinimumVisualStudioVersion = 10.0.40219.1
Project("{FAE04EC0-301F-11D3-BF4B-00C04F79EFBC}") = "NZWalks.API", "NZWalks.API\NZWalks.API.csproj", "{5E8869C5-784E-4362-85E9-1B2F242D3818}"
EndProject
Global
	GlobalSection(SolutionConfigurationPlatforms) = preSolution
		Debug|Any CPU = Debug|Any CPU
		Release|Any CPU = Release|Any CPU
	EndGlobalSection
	GlobalSection(ProjectConfigurationPlatforms) = postSolution
		{5E8869C5-784E-4362-85E9-1B2F242D3818}.Debug|Any CPU.ActiveCfg = Debug|Any CPU
		{5E8869C5-784E-4362-85E9-1B2F242D3818}.Debug|Any CPU.Build.0 = Debug|Any CPU
		{5E8869C5-784E-4362-85E9-1B2F242D3818}.Release|Any CPU.ActiveCfg = Release|Any CPU
		{5E8869C5-784E-4362-85E9-1B2F242D3818}.Release|Any CPU.Build.0 = Release|Any CPU
	EndGlobalSection
	GlobalSection(SolutionProperties) = preSolution
		HideSolutionNode = FALSE
	EndGlobalSection
	GlobalSection(ExtensibilityGlobals) = postSolution
		SolutionGuid = {53C8DE07-3EDE-498F-A35C-2260CB53E72C}
	EndGlobalSection
EndGlobal
